Microsoft Visual Studio Solution File, Format Version 12.00
# Visual Studio Version 17
VisualStudioVersion = 17.5.2.0
MinimumVisualStudioVersion = 10.0.40219.1
Project("{FAE04EC0-301F-11D3-BF4B-00C04F79EFBC}") = "CollectionsMasterConsoleUI", "CollectionsMasterConsoleUI.csproj", "{D5B3E778-2072-3727-4C98-24E0A5E226C9}"
EndProject
Global
	GlobalSection(SolutionConfigurationPlatforms) = preSolution
		Debug|Any CPU = Debug|Any CPU
		Release|Any CPU = Release|Any CPU
	EndGlobalSection
	GlobalSection(ProjectConfigurationPlatforms) = postSolution
		{D5B3E778-2072-3727-4C98-24E0A5E226C9}.Debug|Any CPU.ActiveCfg = Debug|Any CPU
		{D5B3E778-2072-3727-4C98-24E0A5E226C9}.Debug|Any CPU.Build.0 = Debug|Any CPU
		{D5B3E778-2072-3727-4C98-24E0A5E226C9}.Release|Any CPU.ActiveCfg = Release|Any CPU
		{D5B3E778-2072-3727-4C98-24E0A5E226C9}.Release|Any CPU.Build.0 = Release|Any CPU
	EndGlobalSection
	GlobalSection(SolutionProperties) = preSolution
		HideSolutionNode = FALSE
	EndGlobalSection
	GlobalSection(ExtensibilityGlobals) = postSolution
		SolutionGuid = {CED03083-F0F8-403F-9A33-9878652AB159}
	EndGlobalSection
EndGlobal
